
Microsoft Visual Studio Solution File, Format Version 12.00
Project("{FAE04EC0-301F-11D3-BF4B-00C04F79EFBC}") = "DotNetGitDemo01", "DotNetGitDemo01\DotNetGitDemo01.csproj", "{880B42A0-B1E7-44A3-B461-7AD6341278BA}"
EndProject
Global
	GlobalSection(SolutionConfigurationPlatforms) = preSolution
		Debug|Any CPU = Debug|Any CPU
		Release|Any CPU = Release|Any CPU
	EndGlobalSection
	GlobalSection(ProjectConfigurationPlatforms) = postSolution
		{880B42A0-B1E7-44A3-B461-7AD6341278BA}.Debug|Any CPU.ActiveCfg = Debug|Any CPU
		{880B42A0-B1E7-44A3-B461-7AD6341278BA}.Debug|Any CPU.Build.0 = Debug|Any CPU
		{880B42A0-B1E7-44A3-B461-7AD6341278BA}.Release|Any CPU.ActiveCfg = Release|Any CPU
		{880B42A0-B1E7-44A3-B461-7AD6341278BA}.Release|Any CPU.Build.0 = Release|Any CPU
	EndGlobalSection
EndGlobal
